
Microsoft Visual Studio Solution File, Format Version 12.00
Project("{FAE04EC0-301F-11D3-BF4B-00C04F79EFBC}") = "GammaX-Switcher", "GammaX-Switcher\GammaX-Switcher.csproj", "{AA32A582-6731-47A9-B338-DA698EE00039}"
EndProject
Global
	GlobalSection(SolutionConfigurationPlatforms) = preSolution
		Debug|Any CPU = Debug|Any CPU
		Release|Any CPU = Release|Any CPU
	EndGlobalSection
	GlobalSection(ProjectConfigurationPlatforms) = postSolution
		{AA32A582-6731-47A9-B338-DA698EE00039}.Debug|Any CPU.ActiveCfg = Debug|Any CPU
		{AA32A582-6731-47A9-B338-DA698EE00039}.Debug|Any CPU.Build.0 = Debug|Any CPU
		{AA32A582-6731-47A9-B338-DA698EE00039}.Release|Any CPU.ActiveCfg = Release|Any CPU
		{AA32A582-6731-47A9-B338-DA698EE00039}.Release|Any CPU.Build.0 = Release|Any CPU
	EndGlobalSection
EndGlobal
